// !$*UTF8*$!
{
	archiveVersion = 1;
	classes = {
	};
	objectVersion = 48;
	objects = {

/* Begin PBXBuildFile section */
		870951461F7CAD7F001BB3EB /* AppDelegate.swift in Sources */ = {isa = PBXBuildFile; fileRef = 870951451F7CAD7F001BB3EB /* AppDelegate.swift */; };
		870951481F7CAD7F001BB3EB /* ViewController.swift in Sources */ = {isa = PBXBuildFile; fileRef = 870951471F7CAD7F001BB3EB /* ViewController.swift */; };
		8709514B1F7CAD7F001BB3EB /* Main.storyboard in Resources */ = {isa = PBXBuildFile; fileRef = 870951491F7CAD7F001BB3EB /* Main.storyboard */; };
		8709514D1F7CAD7F001BB3EB /* Assets.xcassets in Resources */ = {isa = PBXBuildFile; fileRef = 8709514C1F7CAD7F001BB3EB /* Assets.xcassets */; };
		870951501F7CAD7F001BB3EB /* LaunchScreen.storyboard in Resources */ = {isa = PBXBuildFile; fileRef = 8709514E1F7CAD7F001BB3EB /* LaunchScreen.storyboard */; };
/* End PBXBuildFile section */

/* Begin PBXContainerItemProxy section */
		870951BF1F7CB197001BB3EB /* PBXContainerItemProxy */ = {
			isa = PBXContainerItemProxy;
			containerPortal = 870951BB1F7CB196001BB3EB /* XeroWeatherCore.xcodeproj */;
			proxyType = 2;
			remoteGlobalIDString = 870951B01F7CB196001BB3EB;
			remoteInfo = XeroWeatherCore;
		};
/* End PBXContainerItemProxy section */

/* Begin PBXFileReference section */
		870951421F7CAD7F001BB3EB /* XeroWeather.app */ = {isa = PBXFileReference; explicitFileType = wrapper.application; includeInIndex = 0; path = XeroWeather.app; sourceTree = BUILT_PRODUCTS_DIR; };
		870951451F7CAD7F001BB3EB /* AppDelegate.swift */ = {isa = PBXFileReference; lastKnownFileType = sourcecode.swift; path = AppDelegate.swift; sourceTree = "<group>"; };
		870951471F7CAD7F001BB3EB /* ViewController.swift */ = {isa = PBXFileReference; lastKnownFileType = sourcecode.swift; path = ViewController.swift; sourceTree = "<group>"; };
		8709514A1F7CAD7F001BB3EB /* Base */ = {isa = PBXFileReference; lastKnownFileType = file.storyboard; name = Base; path = Base.lproj/Main.storyboard; sourceTree = "<group>"; };
		8709514C1F7CAD7F001BB3EB /* Assets.xcassets */ = {isa = PBXFileReference; lastKnownFileType = folder.assetcatalog; path = Assets.xcassets; sourceTree = "<group>"; };
		8709514F1F7CAD7F001BB3EB /* Base */ = {isa = PBXFileReference; lastKnownFileType = file.storyboard; name = Base; path = Base.lproj/LaunchScreen.storyboard; sourceTree = "<group>"; };
		870951511F7CAD7F001BB3EB /* Info.plist */ = {isa = PBXFileReference; lastKnownFileType = text.plist.xml; path = Info.plist; sourceTree = "<group>"; };
		870951BB1F7CB196001BB3EB /* XeroWeatherCore.xcodeproj */ = {isa = PBXFileReference; lastKnownFileType = "wrapper.pb-project"; name = XeroWeatherCore.xcodeproj; path = XeroWeatherCore/XeroWeatherCore.xcodeproj; sourceTree = "<group>"; };
/* End PBXFileReference section */

/* Begin PBXFrameworksBuildPhase section */
		8709513F1F7CAD7F001BB3EB /* Frameworks */ = {
			isa = PBXFrameworksBuildPhase;
			buildActionMask = 2147483647;
			files = (
			);
			runOnlyForDeploymentPostprocessing = 0;
		};
/* End PBXFrameworksBuildPhase section */

/* Begin PBXGroup section */
		870951391F7CAD7F001BB3EB = {
			isa = PBXGroup;
			children = (
				870951BB1F7CB196001BB3EB /* XeroWeatherCore.xcodeproj */,
				870951441F7CAD7F001BB3EB /* XeroWeather */,
				870951431F7CAD7F001BB3EB /* Products */,
			);
			sourceTree = "<group>";
		};
		870951431F7CAD7F001BB3EB /* Products */ = {
			isa = PBXGroup;
			children = (
				870951421F7CAD7F001BB3EB /* XeroWeather.app */,
			);
			name = Products;
			sourceTree = "<group>";
		};
		870951441F7CAD7F001BB3EB /* XeroWeather */ = {
			isa = PBXGroup;
			children = (
				870951451F7CAD7F001BB3EB /* AppDelegate.swift */,
				870951471F7CAD7F001BB3EB /* ViewController.swift */,
				870951491F7CAD7F001BB3EB /* Main.storyboard */,
				8709514C1F7CAD7F001BB3EB /* Assets.xcassets */,
				8709514E1F7CAD7F001BB3EB /* LaunchScreen.storyboard */,
				870951511F7CAD7F001BB3EB /* Info.plist */,
			);
			path = XeroWeather;
			sourceTree = "<group>";
		};
		870951BC1F7CB196001BB3EB /* Products */ = {
			isa = PBXGroup;
			children = (
				870951C01F7CB197001BB3EB /* XeroWeatherCore.framework */,
			);
			name = Products;
			sourceTree = "<group>";
		};
/* End PBXGroup section */

/* Begin PBXNativeTarget section */
		870951411F7CAD7F001BB3EB /* XeroWeather */ = {
			isa = PBXNativeTarget;
			buildConfigurationList = 870951541F7CAD7F001BB3EB /* Build configuration list for PBXNativeTarget "XeroWeather" */;
			buildPhases = (
				8709513E1F7CAD7F001BB3EB /* Sources */,
				8709513F1F7CAD7F001BB3EB /* Frameworks */,
				870951401F7CAD7F001BB3EB /* Resources */,
			);
			buildRules = (
			);
			dependencies = (
			);
			name = XeroWeather;
			productName = XeroWeather;
			productReference = 870951421F7CAD7F001BB3EB /* XeroWeather.app */;
			productType = "com.apple.product-type.application";
		};
/* End PBXNativeTarget section */

/* Begin PBXProject section */
		8709513A1F7CAD7F001BB3EB /* Project object */ = {
			isa = PBXProject;
			attributes = {
				LastSwiftUpdateCheck = 0900;
				LastUpgradeCheck = 0900;
				ORGANIZATIONNAME = "Keita Ito";
				TargetAttributes = {
					870951411F7CAD7F001BB3EB = {
						CreatedOnToolsVersion = 9.0;
						ProvisioningStyle = Automatic;
					};
				};
			};
			buildConfigurationList = 8709513D1F7CAD7F001BB3EB /* Build configuration list for PBXProject "XeroWeather" */;
			compatibilityVersion = "Xcode 8.0";
			developmentRegion = en;
			hasScannedForEncodings = 0;
			knownRegions = (
				en,
				Base,
			);
			mainGroup = 870951391F7CAD7F001BB3EB;
			productRefGroup = 870951431F7CAD7F001BB3EB /* Products */;
			projectDirPath = "";
			projectReferences = (
				{
					ProductGroup = 870951BC1F7CB196001BB3EB /* Products */;
					ProjectRef = 870951BB1F7CB196001BB3EB /* XeroWeatherCore.xcodeproj */;
				},
			);
			projectRoot = "";
			targets = (
				870951411F7CAD7F001BB3EB /* XeroWeather */,
			);
		};
/* End PBXProject section */

/* Begin PBXReferenceProxy section */
		870951C01F7CB197001BB3EB /* XeroWeatherCore.framework */ = {
			isa = PBXReferenceProxy;
			fileType = wrapper.framework;
			path = XeroWeatherCore.framework;
			remoteRef = 870951BF1F7CB197001BB3EB /* PBXContainerItemProxy */;
			sourceTree = BUILT_PRODUCTS_DIR;
		};
/* End PBXReferenceProxy section */

/* Begin PBXResourcesBuildPhase section */
		870951401F7CAD7F001BB3EB /* Resources */ = {
			isa = PBXResourcesBuildPhase;
			buildActionMask = 2147483647;
			files = (
				870951501F7CAD7F001BB3EB /* LaunchScreen.storyboard in Resources */,
				8709514D1F7CAD7F001BB3EB /* Assets.xcassets in Resources */,
				8709514B1F7CAD7F001BB3EB /* Main.storyboard in Resources */,
			);
			runOnlyForDeploymentPostprocessing = 0;
		};
/* End PBXResourcesBuildPhase section */

/* Begin PBXSourcesBuildPhase section */
		8709513E1F7CAD7F001BB3EB /* Sources */ = {
			isa = PBXSourcesBuildPhase;
			buildActionMask = 2147483647;
			files = (
				870951481F7CAD7F001BB3EB /* ViewController.swift in Sources */,
				870951461F7CAD7F001BB3EB /* AppDelegate.swift in Sources */,
			);
			runOnlyForDeploymentPostprocessing = 0;
		};
/* End PBXSourcesBuildPhase section */

/* Begin PBXVariantGroup section */
		870951491F7CAD7F001BB3EB /* Main.storyboard */ = {
			isa = PBXVariantGroup;
			children = (
				8709514A1F7CAD7F001BB3EB /* Base */,
			);
			name = Main.storyboard;
			sourceTree = "<group>";
		};
		8709514E1F7CAD7F001BB3EB /* LaunchScreen.storyboard */ = {
			isa = PBXVariantGroup;
			children = (
				8709514F1F7CAD7F001BB3EB /* Base */,
			);
			name = LaunchScreen.storyboard;
			sourceTree = "<group>";
		};
/* End PBXVariantGroup section */

/* Begin XCBuildConfiguration section */
		870951521F7CAD7F001BB3EB /* Debug */ = {
			isa = XCBuildConfiguration;
			buildSettings = {
				ALWAYS_SEARCH_USER_PATHS = NO;
				CLANG_ANALYZER_NONNULL = YES;
				CLANG_ANALYZER_NUMBER_OBJECT_CONVERSION = YES_AGGRESSIVE;
				CLANG_CXX_LANGUAGE_STANDARD = "gnu++14";
				CLANG_CXX_LIBRARY = "libc++";
				CLANG_ENABLE_MODULES = YES;
				CLANG_ENABLE_OBJC_ARC = YES;
				CLANG_WARN_BLOCK_CAPTURE_AUTORELEASING = YES;
				CLANG_WARN_BOOL_CONVERSION = YES;
				CLANG_WARN_COMMA = YES;
				CLANG_WARN_CONSTANT_CONVERSION = YES;
				CLANG_WARN_DIRECT_OBJC_ISA_USAGE = YES_ERROR;
				CLANG_WARN_DOCUMENTATION_COMMENTS = YES;
				CLANG_WARN_EMPTY_BODY = YES;
				CLANG_WARN_ENUM_CONVERSION = YES;
				CLANG_WARN_INFINITE_RECURSION = YES;
				CLANG_WARN_INT_CONVERSION = YES;
				CLANG_WARN_NON_LITERAL_NULL_CONVERSION = YES;
				CLANG_WARN_OBJC_LITERAL_CONVERSION = YES;
				CLANG_WARN_OBJC_ROOT_CLASS = YES_ERROR;
				CLANG_WARN_RANGE_LOOP_ANALYSIS = YES;
				CLANG_WARN_STRICT_PROTOTYPES = YES;
				CLANG_WARN_SUSPICIOUS_MOVE = YES;
				CLANG_WARN_UNGUARDED_AVAILABILITY = YES_AGGRESSIVE;
				CLANG_WARN_UNREACHABLE_CODE = YES;
				CLANG_WARN__DUPLICATE_METHOD_MATCH = YES;
				CODE_SIGN_IDENTITY = "iPhone Developer";
				COPY_PHASE_STRIP = NO;
				DEBUG_INFORMATION_FORMAT = dwarf;
				ENABLE_STRICT_OBJC_MSGSEND = YES;
				ENABLE_TESTABILITY = YES;
				GCC_C_LANGUAGE_STANDARD = gnu11;
				GCC_DYNAMIC_NO_PIC = NO;
				GCC_NO_COMMON_BLOCKS = YES;
				GCC_OPTIMIZATION_LEVEL = 0;
				GCC_PREPROCESSOR_DEFINITIONS = (
					"DEBUG=1",
					"$(inherited)",
				);
				GCC_WARN_64_TO_32_BIT_CONVERSION = YES;
				GCC_WARN_ABOUT_RETURN_TYPE = YES_ERROR;
				GCC_WARN_UNDECLARED_SELECTOR = YES;
				GCC_WARN_UNINITIALIZED_AUTOS = YES_AGGRESSIVE;
				GCC_WARN_UNUSED_FUNCTION = YES;
				GCC_WARN_UNUSED_VARIABLE = YES;
				IPHONEOS_DEPLOYMENT_TARGET = 11.0;
				MTL_ENABLE_DEBUG_INFO = YES;
				ONLY_ACTIVE_ARCH = YES;
				SDKROOT = iphoneos;
				SWIFT_ACTIVE_COMPILATION_CONDITIONS = DEBUG;
				SWIFT_OPTIMIZATION_LEVEL = "-Onone";
			};
			name = Debug;
		};
		870951531F7CAD7F001BB3EB /* Release */ = {
			isa = XCBuildConfiguration;
			buildSettings = {
				ALWAYS_SEARCH_USER_PATHS = NO;
				CLANG_ANALYZER_NONNULL = YES;
				CLANG_ANALYZER_NUMBER_OBJECT_CONVERSION = YES_AGGRESSIVE;
				CLANG_CXX_LANGUAGE_STANDARD = "gnu++14";
				CLANG_CXX_LIBRARY = "libc++";
				CLANG_ENABLE_MODULES = YES;
				CLANG_ENABLE_OBJC_ARC = YES;
				CLANG_WARN_BLOCK_CAPTURE_AUTORELEASING = YES;
				CLANG_WARN_BOOL_CONVERSION = YES;
				CLANG_WARN_COMMA = YES;
				CLANG_WARN_CONSTANT_CONVERSION = YES;
				CLANG_WARN_DIRECT_OBJC_ISA_USAGE = YES_ERROR;
				CLANG_WARN_DOCUMENTATION_COMMENTS = YES;
				CLANG_WARN_EMPTY_BODY = YES;
				CLANG_WARN_ENUM_CONVERSION = YES;
				CLANG_WARN_INFINITE_RECURSION = YES;
				CLANG_WARN_INT_CONVERSION = YES;
				CLANG_WARN_NON_LITERAL_NULL_CONVERSION = YES;
				CLANG_WARN_OBJC_LITERAL_CONVERSION = YES;
				CLANG_WARN_OBJC_ROOT_CLASS = YES_ERROR;
				CLANG_WARN_RANGE_LOOP_ANALYSIS = YES;
				CLANG_WARN_STRICT_PROTOTYPES = YES;
				CLANG_WARN_SUSPICIOUS_MOVE = YES;
				CLANG_WARN_UNGUARDED_AVAILABILITY = YES_AGGRESSIVE;
				CLANG_WARN_UNREACHABLE_CODE = YES;
				CLANG_WARN__DUPLICATE_METHOD_MATCH = YES;
				CODE_SIGN_IDENTITY = "iPhone Developer";
				COPY_PHASE_STRIP = NO;
				DEBUG_INFORMATION_FORMAT = "dwarf-with-dsym";
				ENABLE_NS_ASSERTIONS = NO;
				ENABLE_STRICT_OBJC_MSGSEND = YES;
				GCC_C_LANGUAGE_STANDARD = gnu11;
				GCC_NO_COMMON_BLOCKS = YES;
				GCC_WARN_64_TO_32_BIT_CONVERSION = YES;
				GCC_WARN_ABOUT_RETURN_TYPE = YES_ERROR;
				GCC_WARN_UNDECLARED_SELECTOR = YES;
				GCC_WARN_UNINITIALIZED_AUTOS = YES_AGGRESSIVE;
				GCC_WARN_UNUSED_FUNCTION = YES;
				GCC_WARN_UNUSED_VARIABLE = YES;
				IPHONEOS_DEPLOYMENT_TARGET = 11.0;
				MTL_ENABLE_DEBUG_INFO = NO;
				SDKROOT = iphoneos;
				SWIFT_OPTIMIZATION_LEVEL = "-Owholemodule";
				VALIDATE_PRODUCT = YES;
			};
			name = Release;
		};
		870951551F7CAD7F001BB3EB /* Debug */ = {
			isa = XCBuildConfiguration;
			buildSettings = {
				ASSETCATALOG_COMPILER_APPICON_NAME = AppIcon;
				CODE_SIGN_STYLE = Automatic;
				DEVELOPMENT_TEAM = D433NUFZ5K;
				INFOPLIST_FILE = XeroWeather/Info.plist;
				LD_RUNPATH_SEARCH_PATHS = "$(inherited) @executable_path/Frameworks";
				PRODUCT_BUNDLE_IDENTIFIER = com.keitaito.XeroWeather;
				PRODUCT_NAME = "$(TARGET_NAME)";
				SWIFT_VERSION = 4.0;
				TARGETED_DEVICE_FAMILY = "1,2";
			};
			name = Debug;
		};
		870951561F7CAD7F001BB3EB /* Release */ = {
			isa = XCBuildConfiguration;
			buildSettings = {
				ASSETCATALOG_COMPILER_APPICON_NAME = AppIcon;
				CODE_SIGN_STYLE = Automatic;
				DEVELOPMENT_TEAM = D433NUFZ5K;
				INFOPLIST_FILE = XeroWeather/Info.plist;
				LD_RUNPATH_SEARCH_PATHS = "$(inherited) @executable_path/Frameworks";
				PRODUCT_BUNDLE_IDENTIFIER = com.keitaito.XeroWeather;
				PRODUCT_NAME = "$(TARGET_NAME)";
				SWIFT_VERSION = 4.0;
				TARGETED_DEVICE_FAMILY = "1,2";
			};
			name = Release;
		};
/* End XCBuildConfiguration section */

/* Begin XCConfigurationList section */
		8709513D1F7CAD7F001BB3EB /* Build configuration list for PBXProject "XeroWeather" */ = {
			isa = XCConfigurationList;
			buildConfigurations = (
				870951521F7CAD7F001BB3EB /* Debug */,
				870951531F7CAD7F001BB3EB /* Release */,
			);
			defaultConfigurationIsVisible = 0;
			defaultConfigurationName = Release;
		};
		870951541F7CAD7F001BB3EB /* Build configuration list for PBXNativeTarget "XeroWeather" */ = {
			isa = XCConfigurationList;
			buildConfigurations = (
				870951551F7CAD7F001BB3EB /* Debug */,
				870951561F7CAD7F001BB3EB /* Release */,
			);
			defaultConfigurationIsVisible = 0;
			defaultConfigurationName = Release;
		};
/* End XCConfigurationList section */
	};
	rootObject = 8709513A1F7CAD7F001BB3EB /* Project object */;
}
